// !$*UTF8*$!
{
	archiveVersion = 1;
	classes = {
	};
	objectVersion = 54;
	objects = {

/* Begin PBXBuildFile section */
		046E220E261CB6B10070D5D1 /* TargetsController.swift in Sources */ = {isa = PBXBuildFile; fileRef = 046E220D261CB6B10070D5D1 /* TargetsController.swift */; };
		0481A74E262838680027AD5D /* TaskCell.swift in Sources */ = {isa = PBXBuildFile; fileRef = 0481A74D262838680027AD5D /* TaskCell.swift */; };
		0481A751262838E00027AD5D /* NewTaskCell.swift in Sources */ = {isa = PBXBuildFile; fileRef = 0481A750262838E00027AD5D /* NewTaskCell.swift */; };
		04D39AB7261C5D4D0092486F /* MainTabBarController.swift in Sources */ = {isa = PBXBuildFile; fileRef = 04D39AB6261C5D4D0092486F /* MainTabBarController.swift */; };
		04D39ABA261C5F3C0092486F /* NewTargetController.swift in Sources */ = {isa = PBXBuildFile; fileRef = 04D39AB9261C5F3C0092486F /* NewTargetController.swift */; };
		04D39ABD261C5F6E0092486F /* MyTargetsController.swift in Sources */ = {isa = PBXBuildFile; fileRef = 04D39ABC261C5F6E0092486F /* MyTargetsController.swift */; };
		04D39AC0261C5F7F0092486F /* GroupsController.swift in Sources */ = {isa = PBXBuildFile; fileRef = 04D39ABF261C5F7F0092486F /* GroupsController.swift */; };
		4202FF142627577D00613A38 /* ImageLoader.swift in Sources */ = {isa = PBXBuildFile; fileRef = 4202FF132627577D00613A38 /* ImageLoader.swift */; };
		420822AC262DEB04006870C4 /* MyTargetController.swift in Sources */ = {isa = PBXBuildFile; fileRef = 420822AB262DEB04006870C4 /* MyTargetController.swift */; };
		420822B0262FB059006870C4 /* String+Extensions.swift in Sources */ = {isa = PBXBuildFile; fileRef = 420822AF262FB059006870C4 /* String+Extensions.swift */; };
		420822B426309E49006870C4 /* UnderTaskCell.swift in Sources */ = {isa = PBXBuildFile; fileRef = 420822B326309E49006870C4 /* UnderTaskCell.swift */; };
		420822B726309F12006870C4 /* NewUnderTaskCell.swift in Sources */ = {isa = PBXBuildFile; fileRef = 420822B626309F12006870C4 /* NewUnderTaskCell.swift */; };
		420822C12633504A006870C4 /* UIImage+Extensions.swift in Sources */ = {isa = PBXBuildFile; fileRef = 420822C02633504A006870C4 /* UIImage+Extensions.swift */; };
		420E501426443DF000395737 /* MemberCell.swift in Sources */ = {isa = PBXBuildFile; fileRef = 420E501326443DF000395737 /* MemberCell.swift */; };
		420E50162644406000395737 /* NewMemberCell.swift in Sources */ = {isa = PBXBuildFile; fileRef = 420E50152644406000395737 /* NewMemberCell.swift */; };
		421A6445265306310049DE2D /* ImagePickerController.swift in Sources */ = {isa = PBXBuildFile; fileRef = 421A6444265306310049DE2D /* ImagePickerController.swift */; };
		4227B661261E050600F9097F /* SignUpModel.swift in Sources */ = {isa = PBXBuildFile; fileRef = 4227B660261E050600F9097F /* SignUpModel.swift */; };
		4227B67A26246CEC00F9097F /* User.swift in Sources */ = {isa = PBXBuildFile; fileRef = 4227B67926246CEC00F9097F /* User.swift */; };
		4227B68026247A2300F9097F /* DatabaseModel.swift in Sources */ = {isa = PBXBuildFile; fileRef = 4227B67F26247A2300F9097F /* DatabaseModel.swift */; };
		4227B68326247DB300F9097F /* UnderTask.swift in Sources */ = {isa = PBXBuildFile; fileRef = 4227B68226247DB300F9097F /* UnderTask.swift */; };
		4227B6D32624D2D900F9097F /* Task.swift in Sources */ = {isa = PBXBuildFile; fileRef = 4227B6D22624D2D900F9097F /* Task.swift */; };
		427E42E6262B8BD800EC1F37 /* InjectionHelper.swift in Sources */ = {isa = PBXBuildFile; fileRef = 427E42E4262B8BD700EC1F37 /* InjectionHelper.swift */; };
		427E42E7262B8BD800EC1F37 /* UIViewController+Extensions.swift in Sources */ = {isa = PBXBuildFile; fileRef = 427E42E5262B8BD700EC1F37 /* UIViewController+Extensions.swift */; };
		42CE1F06261A35D900BE996C /* SignUpController.swift in Sources */ = {isa = PBXBuildFile; fileRef = 42CE1F05261A35D900BE996C /* SignUpController.swift */; };
		42CE55062651A35500E4DC12 /* ProfilePresenter.swift in Sources */ = {isa = PBXBuildFile; fileRef = 42CE55002651A35500E4DC12 /* ProfilePresenter.swift */; };
		42CE55072651A35500E4DC12 /* ProfileRouter.swift in Sources */ = {isa = PBXBuildFile; fileRef = 42CE55012651A35500E4DC12 /* ProfileRouter.swift */; };
		42CE55082651A35500E4DC12 /* ProfileViewController.swift in Sources */ = {isa = PBXBuildFile; fileRef = 42CE55022651A35500E4DC12 /* ProfileViewController.swift */; };
		42CE55092651A35500E4DC12 /* ProfileProtocols.swift in Sources */ = {isa = PBXBuildFile; fileRef = 42CE55032651A35500E4DC12 /* ProfileProtocols.swift */; };
		42CE550A2651A35500E4DC12 /* ProfileInteractor.swift in Sources */ = {isa = PBXBuildFile; fileRef = 42CE55042651A35500E4DC12 /* ProfileInteractor.swift */; };
		42CE550B2651A35500E4DC12 /* ProfileContainer.swift in Sources */ = {isa = PBXBuildFile; fileRef = 42CE55052651A35500E4DC12 /* ProfileContainer.swift */; };
		42CE55102652E07600E4DC12 /* LoadingImageView.swift in Sources */ = {isa = PBXBuildFile; fileRef = 42CE550F2652E07500E4DC12 /* LoadingImageView.swift */; };
		42CE55122652E2DA00E4DC12 /* LoadingButtonImage.swift in Sources */ = {isa = PBXBuildFile; fileRef = 42CE55112652E2DA00E4DC12 /* LoadingButtonImage.swift */; };
		42D000322619DFF1007A5C2A /* GoogleService-Info.plist in Resources */ = {isa = PBXBuildFile; fileRef = 42D000312619DFF1007A5C2A /* GoogleService-Info.plist */; };
		42D0FF96261765AE007A5C2A /* AppDelegate.swift in Sources */ = {isa = PBXBuildFile; fileRef = 42D0FF95261765AE007A5C2A /* AppDelegate.swift */; };
		42D0FF98261765AE007A5C2A /* SceneDelegate.swift in Sources */ = {isa = PBXBuildFile; fileRef = 42D0FF97261765AE007A5C2A /* SceneDelegate.swift */; };
		42D0FF9A261765AE007A5C2A /* AuthViewController.swift in Sources */ = {isa = PBXBuildFile; fileRef = 42D0FF99261765AE007A5C2A /* AuthViewController.swift */; };
		42D0FF9F261765AF007A5C2A /* Assets.xcassets in Resources */ = {isa = PBXBuildFile; fileRef = 42D0FF9E261765AF007A5C2A /* Assets.xcassets */; };
		42D0FFA2261765AF007A5C2A /* LaunchScreen.storyboard in Resources */ = {isa = PBXBuildFile; fileRef = 42D0FFA0261765AF007A5C2A /* LaunchScreen.storyboard */; };
		42D0FFC326187625007A5C2A /* GothamPro-Black.ttf in Resources */ = {isa = PBXBuildFile; fileRef = 42D0FFB826176A46007A5C2A /* GothamPro-Black.ttf */; };
		42D0FFC426187625007A5C2A /* GothamPro-BlackItalic.ttf in Resources */ = {isa = PBXBuildFile; fileRef = 42D0FFBE26176A46007A5C2A /* GothamPro-BlackItalic.ttf */; };
		42D0FFC526187625007A5C2A /* GothamPro-Bold.ttf in Resources */ = {isa = PBXBuildFile; fileRef = 42D0FFC126176A47007A5C2A /* GothamPro-Bold.ttf */; };
		42D0FFC626187625007A5C2A /* GothamPro-BoldItalic.ttf in Resources */ = {isa = PBXBuildFile; fileRef = 42D0FFB626176A46007A5C2A /* GothamPro-BoldItalic.ttf */; };
		42D0FFC726187625007A5C2A /* GothamPro-Italic.ttf in Resources */ = {isa = PBXBuildFile; fileRef = 42D0FFBC26176A46007A5C2A /* GothamPro-Italic.ttf */; };
		42D0FFC826187625007A5C2A /* GothamPro-Light.ttf in Resources */ = {isa = PBXBuildFile; fileRef = 42D0FFBF26176A46007A5C2A /* GothamPro-Light.ttf */; };
		42D0FFC926187625007A5C2A /* GothamPro-LightItalic.ttf in Resources */ = {isa = PBXBuildFile; fileRef = 42D0FFB726176A46007A5C2A /* GothamPro-LightItalic.ttf */; };
		42D0FFCA26187625007A5C2A /* GothamPro-Medium.ttf in Resources */ = {isa = PBXBuildFile; fileRef = 42D0FFBA26176A46007A5C2A /* GothamPro-Medium.ttf */; };
		42D0FFCB26187625007A5C2A /* GothamPro-MediumItalic.ttf in Resources */ = {isa = PBXBuildFile; fileRef = 42D0FFBD26176A46007A5C2A /* GothamPro-MediumItalic.ttf */; };
		42D0FFCC26187625007A5C2A /* GothamPro.ttf in Resources */ = {isa = PBXBuildFile; fileRef = 42D0FFB926176A46007A5C2A /* GothamPro.ttf */; };
		42D0FFCD26187625007A5C2A /* GothamProNarrow-Bold.ttf in Resources */ = {isa = PBXBuildFile; fileRef = 42D0FFC026176A46007A5C2A /* GothamProNarrow-Bold.ttf */; };
		42D0FFCE26187625007A5C2A /* GothamProNarrow-Medium.ttf in Resources */ = {isa = PBXBuildFile; fileRef = 42D0FFBB26176A46007A5C2A /* GothamProNarrow-Medium.ttf */; };
		42D6B08B2638817E00A005EA /* GroupCell.swift in Sources */ = {isa = PBXBuildFile; fileRef = 42D6B08A2638817E00A005EA /* GroupCell.swift */; };
		42D6B08D2638818E00A005EA /* NewGroupCell.swift in Sources */ = {isa = PBXBuildFile; fileRef = 42D6B08C2638818E00A005EA /* NewGroupCell.swift */; };
		42D6B09126388E4400A005EA /* GroupDatabaseModel.swift in Sources */ = {isa = PBXBuildFile; fileRef = 42D6B09026388E4400A005EA /* GroupDatabaseModel.swift */; };
		42D6B0932638903800A005EA /* Group.swift in Sources */ = {isa = PBXBuildFile; fileRef = 42D6B0922638903800A005EA /* Group.swift */; };
		42D6B09726399C0200A005EA /* GroupController.swift in Sources */ = {isa = PBXBuildFile; fileRef = 42D6B09626399C0000A005EA /* GroupController.swift */; };
		42E63A8F261D22B500185433 /* AuthModel.swift in Sources */ = {isa = PBXBuildFile; fileRef = 42E63A8E261D22B500185433 /* AuthModel.swift */; };
		F30B4DAD7792EFFBD37175E4 /* Pods_inTarget.framework in Frameworks */ = {isa = PBXBuildFile; fileRef = DCE767FC530C52BF3571652C /* Pods_inTarget.framework */; };
/* End PBXBuildFile section */

/* Begin PBXFileReference section */
		046E220D261CB6B10070D5D1 /* TargetsController.swift */ = {isa = PBXFileReference; lastKnownFileType = sourcecode.swift; path = TargetsController.swift; sourceTree = "<group>"; };
		0481A74D262838680027AD5D /* TaskCell.swift */ = {isa = PBXFileReference; lastKnownFileType = sourcecode.swift; path = TaskCell.swift; sourceTree = "<group>"; };
		0481A750262838E00027AD5D /* NewTaskCell.swift */ = {isa = PBXFileReference; lastKnownFileType = sourcecode.swift; path = NewTaskCell.swift; sourceTree = "<group>"; };
		04D39AB6261C5D4D0092486F /* MainTabBarController.swift */ = {isa = PBXFileReference; lastKnownFileType = sourcecode.swift; path = MainTabBarController.swift; sourceTree = "<group>"; };
		04D39AB9261C5F3C0092486F /* NewTargetController.swift */ = {isa = PBXFileReference; lastKnownFileType = sourcecode.swift; path = NewTargetController.swift; sourceTree = "<group>"; };
		04D39ABC261C5F6E0092486F /* MyTargetsController.swift */ = {isa = PBXFileReference; lastKnownFileType = sourcecode.swift; path = MyTargetsController.swift; sourceTree = "<group>"; };
		04D39ABF261C5F7F0092486F /* GroupsController.swift */ = {isa = PBXFileReference; lastKnownFileType = sourcecode.swift; path = GroupsController.swift; sourceTree = "<group>"; };
		4202FF132627577D00613A38 /* ImageLoader.swift */ = {isa = PBXFileReference; lastKnownFileType = sourcecode.swift; path = ImageLoader.swift; sourceTree = "<group>"; };
		420822AB262DEB04006870C4 /* MyTargetController.swift */ = {isa = PBXFileReference; lastKnownFileType = sourcecode.swift; path = MyTargetController.swift; sourceTree = "<group>"; };
		420822AF262FB059006870C4 /* String+Extensions.swift */ = {isa = PBXFileReference; lastKnownFileType = sourcecode.swift; path = "String+Extensions.swift"; sourceTree = "<group>"; };
		420822B326309E49006870C4 /* UnderTaskCell.swift */ = {isa = PBXFileReference; lastKnownFileType = sourcecode.swift; path = UnderTaskCell.swift; sourceTree = "<group>"; };
		420822B626309F12006870C4 /* NewUnderTaskCell.swift */ = {isa = PBXFileReference; lastKnownFileType = sourcecode.swift; path = NewUnderTaskCell.swift; sourceTree = "<group>"; };
		420822C02633504A006870C4 /* UIImage+Extensions.swift */ = {isa = PBXFileReference; lastKnownFileType = sourcecode.swift; path = "UIImage+Extensions.swift"; sourceTree = "<group>"; };
		420E501326443DF000395737 /* MemberCell.swift */ = {isa = PBXFileReference; lastKnownFileType = sourcecode.swift; path = MemberCell.swift; sourceTree = "<group>"; };
		420E50152644406000395737 /* NewMemberCell.swift */ = {isa = PBXFileReference; lastKnownFileType = sourcecode.swift; path = NewMemberCell.swift; sourceTree = "<group>"; };
		421A6444265306310049DE2D /* ImagePickerController.swift */ = {isa = PBXFileReference; lastKnownFileType = sourcecode.swift; path = ImagePickerController.swift; sourceTree = "<group>"; };
		4227B660261E050600F9097F /* SignUpModel.swift */ = {isa = PBXFileReference; lastKnownFileType = sourcecode.swift; path = SignUpModel.swift; sourceTree = "<group>"; };
		4227B67926246CEC00F9097F /* User.swift */ = {isa = PBXFileReference; lastKnownFileType = sourcecode.swift; path = User.swift; sourceTree = "<group>"; };
		4227B67F26247A2300F9097F /* DatabaseModel.swift */ = {isa = PBXFileReference; lastKnownFileType = sourcecode.swift; path = DatabaseModel.swift; sourceTree = "<group>"; };
		4227B68226247DB300F9097F /* UnderTask.swift */ = {isa = PBXFileReference; lastKnownFileType = sourcecode.swift; path = UnderTask.swift; sourceTree = "<group>"; };
		4227B6D22624D2D900F9097F /* Task.swift */ = {isa = PBXFileReference; lastKnownFileType = sourcecode.swift; path = Task.swift; sourceTree = "<group>"; };
		427E42E4262B8BD700EC1F37 /* InjectionHelper.swift */ = {isa = PBXFileReference; fileEncoding = 4; lastKnownFileType = sourcecode.swift; path = InjectionHelper.swift; sourceTree = "<group>"; };
		427E42E5262B8BD700EC1F37 /* UIViewController+Extensions.swift */ = {isa = PBXFileReference; fileEncoding = 4; lastKnownFileType = sourcecode.swift; path = "UIViewController+Extensions.swift"; sourceTree = "<group>"; };
		42CE1F05261A35D900BE996C /* SignUpController.swift */ = {isa = PBXFileReference; lastKnownFileType = sourcecode.swift; path = SignUpController.swift; sourceTree = "<group>"; };
		42CE55002651A35500E4DC12 /* ProfilePresenter.swift */ = {isa = PBXFileReference; lastKnownFileType = sourcecode.swift; path = ProfilePresenter.swift; sourceTree = "<group>"; };
		42CE55012651A35500E4DC12 /* ProfileRouter.swift */ = {isa = PBXFileReference; lastKnownFileType = sourcecode.swift; path = ProfileRouter.swift; sourceTree = "<group>"; };
		42CE55022651A35500E4DC12 /* ProfileViewController.swift */ = {isa = PBXFileReference; lastKnownFileType = sourcecode.swift; path = ProfileViewController.swift; sourceTree = "<group>"; };
		42CE55032651A35500E4DC12 /* ProfileProtocols.swift */ = {isa = PBXFileReference; lastKnownFileType = sourcecode.swift; path = ProfileProtocols.swift; sourceTree = "<group>"; };
		42CE55042651A35500E4DC12 /* ProfileInteractor.swift */ = {isa = PBXFileReference; lastKnownFileType = sourcecode.swift; path = ProfileInteractor.swift; sourceTree = "<group>"; };
		42CE55052651A35500E4DC12 /* ProfileContainer.swift */ = {isa = PBXFileReference; lastKnownFileType = sourcecode.swift; path = ProfileContainer.swift; sourceTree = "<group>"; };
		42CE550F2652E07500E4DC12 /* LoadingImageView.swift */ = {isa = PBXFileReference; lastKnownFileType = sourcecode.swift; path = LoadingImageView.swift; sourceTree = "<group>"; };
		42CE55112652E2DA00E4DC12 /* LoadingButtonImage.swift */ = {isa = PBXFileReference; lastKnownFileType = sourcecode.swift; path = LoadingButtonImage.swift; sourceTree = "<group>"; };
		42D000312619DFF1007A5C2A /* GoogleService-Info.plist */ = {isa = PBXFileReference; fileEncoding = 4; lastKnownFileType = text.plist.xml; path = "GoogleService-Info.plist"; sourceTree = "<group>"; };
		42D0FF92261765AE007A5C2A /* inTarget.app */ = {isa = PBXFileReference; explicitFileType = wrapper.application; includeInIndex = 0; path = inTarget.app; sourceTree = BUILT_PRODUCTS_DIR; };
		42D0FF95261765AE007A5C2A /* AppDelegate.swift */ = {isa = PBXFileReference; lastKnownFileType = sourcecode.swift; path = AppDelegate.swift; sourceTree = "<group>"; };
		42D0FF97261765AE007A5C2A /* SceneDelegate.swift */ = {isa = PBXFileReference; lastKnownFileType = sourcecode.swift; path = SceneDelegate.swift; sourceTree = "<group>"; };
		42D0FF99261765AE007A5C2A /* AuthViewController.swift */ = {isa = PBXFileReference; lastKnownFileType = sourcecode.swift; path = AuthViewController.swift; sourceTree = "<group>"; };
		42D0FF9E261765AF007A5C2A /* Assets.xcassets */ = {isa = PBXFileReference; lastKnownFileType = folder.assetcatalog; path = Assets.xcassets; sourceTree = "<group>"; };
		42D0FFA1261765AF007A5C2A /* Base */ = {isa = PBXFileReference; lastKnownFileType = file.storyboard; name = Base; path = Base.lproj/LaunchScreen.storyboard; sourceTree = "<group>"; };
		42D0FFA3261765AF007A5C2A /* Info.plist */ = {isa = PBXFileReference; lastKnownFileType = text.plist.xml; path = Info.plist; sourceTree = "<group>"; };
		42D0FFB626176A46007A5C2A /* GothamPro-BoldItalic.ttf */ = {isa = PBXFileReference; lastKnownFileType = file; path = "GothamPro-BoldItalic.ttf"; sourceTree = "<group>"; };
		42D0FFB726176A46007A5C2A /* GothamPro-LightItalic.ttf */ = {isa = PBXFileReference; lastKnownFileType = file; path = "GothamPro-LightItalic.ttf"; sourceTree = "<group>"; };
		42D0FFB826176A46007A5C2A /* GothamPro-Black.ttf */ = {isa = PBXFileReference; lastKnownFileType = file; path = "GothamPro-Black.ttf"; sourceTree = "<group>"; };
		42D0FFB926176A46007A5C2A /* GothamPro.ttf */ = {isa = PBXFileReference; lastKnownFileType = file; path = GothamPro.ttf; sourceTree = "<group>"; };
		42D0FFBA26176A46007A5C2A /* GothamPro-Medium.ttf */ = {isa = PBXFileReference; lastKnownFileType = file; path = "GothamPro-Medium.ttf"; sourceTree = "<group>"; };
		42D0FFBB26176A46007A5C2A /* GothamProNarrow-Medium.ttf */ = {isa = PBXFileReference; lastKnownFileType = file; path = "GothamProNarrow-Medium.ttf"; sourceTree = "<group>"; };
		42D0FFBC26176A46007A5C2A /* GothamPro-Italic.ttf */ = {isa = PBXFileReference; lastKnownFileType = file; path = "GothamPro-Italic.ttf"; sourceTree = "<group>"; };
		42D0FFBD26176A46007A5C2A /* GothamPro-MediumItalic.ttf */ = {isa = PBXFileReference; lastKnownFileType = file; path = "GothamPro-MediumItalic.ttf"; sourceTree = "<group>"; };
		42D0FFBE26176A46007A5C2A /* GothamPro-BlackItalic.ttf */ = {isa = PBXFileReference; lastKnownFileType = file; path = "GothamPro-BlackItalic.ttf"; sourceTree = "<group>"; };
		42D0FFBF26176A46007A5C2A /* GothamPro-Light.ttf */ = {isa = PBXFileReference; lastKnownFileType = file; path = "GothamPro-Light.ttf"; sourceTree = "<group>"; };
		42D0FFC026176A46007A5C2A /* GothamProNarrow-Bold.ttf */ = {isa = PBXFileReference; lastKnownFileType = file; path = "GothamProNarrow-Bold.ttf"; sourceTree = "<group>"; };
		42D0FFC126176A47007A5C2A /* GothamPro-Bold.ttf */ = {isa = PBXFileReference; lastKnownFileType = file; path = "GothamPro-Bold.ttf"; sourceTree = "<group>"; };
		42D6B08A2638817E00A005EA /* GroupCell.swift */ = {isa = PBXFileReference; lastKnownFileType = sourcecode.swift; path = GroupCell.swift; sourceTree = "<group>"; };
		42D6B08C2638818E00A005EA /* NewGroupCell.swift */ = {isa = PBXFileReference; lastKnownFileType = sourcecode.swift; path = NewGroupCell.swift; sourceTree = "<group>"; };
		42D6B09026388E4400A005EA /* GroupDatabaseModel.swift */ = {isa = PBXFileReference; lastKnownFileType = sourcecode.swift; path = GroupDatabaseModel.swift; sourceTree = "<group>"; };
		42D6B0922638903800A005EA /* Group.swift */ = {isa = PBXFileReference; lastKnownFileType = sourcecode.swift; path = Group.swift; sourceTree = "<group>"; };
		42D6B09626399C0000A005EA /* GroupController.swift */ = {isa = PBXFileReference; lastKnownFileType = sourcecode.swift; path = GroupController.swift; sourceTree = "<group>"; };
		42E63A8E261D22B500185433 /* AuthModel.swift */ = {isa = PBXFileReference; fileEncoding = 4; lastKnownFileType = sourcecode.swift; path = AuthModel.swift; sourceTree = "<group>"; };
		53B6FBA80B33ABDC8A253F41 /* Pods-inTarget.debug.xcconfig */ = {isa = PBXFileReference; includeInIndex = 1; lastKnownFileType = text.xcconfig; name = "Pods-inTarget.debug.xcconfig"; path = "Target Support Files/Pods-inTarget/Pods-inTarget.debug.xcconfig"; sourceTree = "<group>"; };
		DCE767FC530C52BF3571652C /* Pods_inTarget.framework */ = {isa = PBXFileReference; explicitFileType = wrapper.framework; includeInIndex = 0; path = Pods_inTarget.framework; sourceTree = BUILT_PRODUCTS_DIR; };
		F2BE8270891E8AF03666B1EE /* Pods-inTarget.release.xcconfig */ = {isa = PBXFileReference; includeInIndex = 1; lastKnownFileType = text.xcconfig; name = "Pods-inTarget.release.xcconfig"; path = "Target Support Files/Pods-inTarget/Pods-inTarget.release.xcconfig"; sourceTree = "<group>"; };
/* End PBXFileReference section */

/* Begin PBXFrameworksBuildPhase section */
		42D0FF8F261765AE007A5C2A /* Frameworks */ = {
			isa = PBXFrameworksBuildPhase;
			buildActionMask = 2147483647;
			files = (
				F30B4DAD7792EFFBD37175E4 /* Pods_inTarget.framework in Frameworks */,
			);
			runOnlyForDeploymentPostprocessing = 0;
		};
/* End PBXFrameworksBuildPhase section */

/* Begin PBXGroup section */
		0481A75326283A810027AD5D /* Cells */ = {
			isa = PBXGroup;
			children = (
				0481A74D262838680027AD5D /* TaskCell.swift */,
				0481A750262838E00027AD5D /* NewTaskCell.swift */,
				420822B326309E49006870C4 /* UnderTaskCell.swift */,
				420822B626309F12006870C4 /* NewUnderTaskCell.swift */,
				42D6B08A2638817E00A005EA /* GroupCell.swift */,
				42D6B08C2638818E00A005EA /* NewGroupCell.swift */,
				420E501326443DF000395737 /* MemberCell.swift */,
				420E50152644406000395737 /* NewMemberCell.swift */,
			);
			path = Cells;
			sourceTree = "<group>";
		};
		24E7CD11EE154D6177E0B5C0 /* Pods */ = {
			isa = PBXGroup;
			children = (
				53B6FBA80B33ABDC8A253F41 /* Pods-inTarget.debug.xcconfig */,
				F2BE8270891E8AF03666B1EE /* Pods-inTarget.release.xcconfig */,
			);
			path = Pods;
			sourceTree = "<group>";
		};
		42CE54FF2651A30900E4DC12 /* Profile */ = {
			isa = PBXGroup;
			children = (
				42CE55002651A35500E4DC12 /* ProfilePresenter.swift */,
				42CE55012651A35500E4DC12 /* ProfileRouter.swift */,
				42CE55022651A35500E4DC12 /* ProfileViewController.swift */,
				42CE55032651A35500E4DC12 /* ProfileProtocols.swift */,
				42CE55042651A35500E4DC12 /* ProfileInteractor.swift */,
				42CE55052651A35500E4DC12 /* ProfileContainer.swift */,
			);
			path = Profile;
			sourceTree = "<group>";
		};
		42CE550C2651C6C300E4DC12 /* Modules */ = {
			isa = PBXGroup;
			children = (
				42CE54FF2651A30900E4DC12 /* Profile */,
			);
			path = Modules;
			sourceTree = "<group>";
		};
		42CE550D2652E01F00E4DC12 /* Core */ = {
			isa = PBXGroup;
			children = (
				42CE550E2652E02E00E4DC12 /* View */,
			);
			path = Core;
			sourceTree = "<group>";
		};
		42CE550E2652E02E00E4DC12 /* View */ = {
			isa = PBXGroup;
			children = (
				42CE550F2652E07500E4DC12 /* LoadingImageView.swift */,
				42CE55112652E2DA00E4DC12 /* LoadingButtonImage.swift */,
			);
			path = View;
			sourceTree = "<group>";
		};
		42D0FF89261765AE007A5C2A = {
			isa = PBXGroup;
			children = (
				42D0FF94261765AE007A5C2A /* inTarget */,
				420822C02633504A006870C4 /* UIImage+Extensions.swift */,
				420822AF262FB059006870C4 /* String+Extensions.swift */,
				427E42E4262B8BD700EC1F37 /* InjectionHelper.swift */,
				427E42E5262B8BD700EC1F37 /* UIViewController+Extensions.swift */,
				42D0FF93261765AE007A5C2A /* Products */,
				42D0FFB426176906007A5C2A /* Fonts */,
				24E7CD11EE154D6177E0B5C0 /* Pods */,
				B7C63F6DAFB897F45C0E5040 /* Frameworks */,
			);
			sourceTree = "<group>";
		};
		42D0FF93261765AE007A5C2A /* Products */ = {
			isa = PBXGroup;
			children = (
				42D0FF92261765AE007A5C2A /* inTarget.app */,
			);
			name = Products;
			sourceTree = "<group>";
		};
		42D0FF94261765AE007A5C2A /* inTarget */ = {
			isa = PBXGroup;
			children = (
				42CE550D2652E01F00E4DC12 /* Core */,
				0481A75326283A810027AD5D /* Cells */,
				42E63A8D261D22B500185433 /* Models */,
				42D0FFB126176688007A5C2A /* Controllers */,
				42CE550C2651C6C300E4DC12 /* Modules */,
				42D0FFB026176676007A5C2A /* Supporting files */,
			);
			path = inTarget;
			sourceTree = "<group>";
		};
		42D0FFB026176676007A5C2A /* Supporting files */ = {
			isa = PBXGroup;
			children = (
				42D0FF95261765AE007A5C2A /* AppDelegate.swift */,
				42D0FF97261765AE007A5C2A /* SceneDelegate.swift */,
				42D0FF9E261765AF007A5C2A /* Assets.xcassets */,
				42D0FFA0261765AF007A5C2A /* LaunchScreen.storyboard */,
				42D0FFA3261765AF007A5C2A /* Info.plist */,
				42D000312619DFF1007A5C2A /* GoogleService-Info.plist */,
			);
			path = "Supporting files";
			sourceTree = "<group>";
		};
		42D0FFB126176688007A5C2A /* Controllers */ = {
			isa = PBXGroup;
			children = (
				42D0FF99261765AE007A5C2A /* AuthViewController.swift */,
				42CE1F05261A35D900BE996C /* SignUpController.swift */,
				04D39AB6261C5D4D0092486F /* MainTabBarController.swift */,
				046E220D261CB6B10070D5D1 /* TargetsController.swift */,
				04D39AB9261C5F3C0092486F /* NewTargetController.swift */,
				04D39ABF261C5F7F0092486F /* GroupsController.swift */,
				42D6B09626399C0000A005EA /* GroupController.swift */,
				04D39ABC261C5F6E0092486F /* MyTargetsController.swift */,
				420822AB262DEB04006870C4 /* MyTargetController.swift */,
				421A6444265306310049DE2D /* ImagePickerController.swift */,
			);
			path = Controllers;
			sourceTree = "<group>";
		};
		42D0FFB426176906007A5C2A /* Fonts */ = {
			isa = PBXGroup;
			children = (
				42D0FFB826176A46007A5C2A /* GothamPro-Black.ttf */,
				42D0FFBE26176A46007A5C2A /* GothamPro-BlackItalic.ttf */,
				42D0FFC126176A47007A5C2A /* GothamPro-Bold.ttf */,
				42D0FFB626176A46007A5C2A /* GothamPro-BoldItalic.ttf */,
				42D0FFBC26176A46007A5C2A /* GothamPro-Italic.ttf */,
				42D0FFBF26176A46007A5C2A /* GothamPro-Light.ttf */,
				42D0FFB726176A46007A5C2A /* GothamPro-LightItalic.ttf */,
				42D0FFBA26176A46007A5C2A /* GothamPro-Medium.ttf */,
				42D0FFBD26176A46007A5C2A /* GothamPro-MediumItalic.ttf */,
				42D0FFB926176A46007A5C2A /* GothamPro.ttf */,
				42D0FFC026176A46007A5C2A /* GothamProNarrow-Bold.ttf */,
				42D0FFBB26176A46007A5C2A /* GothamProNarrow-Medium.ttf */,
			);
			path = Fonts;
			sourceTree = "<group>";
		};
		42E63A8D261D22B500185433 /* Models */ = {
			isa = PBXGroup;
			children = (
				42E63A8E261D22B500185433 /* AuthModel.swift */,
				4227B660261E050600F9097F /* SignUpModel.swift */,
				4227B67F26247A2300F9097F /* DatabaseModel.swift */,
				42D6B09026388E4400A005EA /* GroupDatabaseModel.swift */,
				4202FF132627577D00613A38 /* ImageLoader.swift */,
				4227B67926246CEC00F9097F /* User.swift */,
				4227B6D22624D2D900F9097F /* Task.swift */,
				4227B68226247DB300F9097F /* UnderTask.swift */,
				42D6B0922638903800A005EA /* Group.swift */,
			);
			path = Models;
			sourceTree = "<group>";
		};
		B7C63F6DAFB897F45C0E5040 /* Frameworks */ = {
			isa = PBXGroup;
			children = (
				DCE767FC530C52BF3571652C /* Pods_inTarget.framework */,
			);
			name = Frameworks;
			sourceTree = "<group>";
		};
/* End PBXGroup section */

/* Begin PBXNativeTarget section */
		42D0FF91261765AE007A5C2A /* inTarget */ = {
			isa = PBXNativeTarget;
			buildConfigurationList = 42D0FFA6261765AF007A5C2A /* Build configuration list for PBXNativeTarget "inTarget" */;
			buildPhases = (
				A1B15B7FB7C173C1A0221FB3 /* [CP] Check Pods Manifest.lock */,
				42D0FF8E261765AE007A5C2A /* Sources */,
				42D0FF8F261765AE007A5C2A /* Frameworks */,
				42D0FF90261765AE007A5C2A /* Resources */,
				DBFFDBEF9C72E1C43C45C27E /* [CP] Embed Pods Frameworks */,
			);
			buildRules = (
			);
			dependencies = (
			);
			name = inTarget;
			productName = inTarget;
			productReference = 42D0FF92261765AE007A5C2A /* inTarget.app */;
			productType = "com.apple.product-type.application";
		};
/* End PBXNativeTarget section */

/* Begin PBXProject section */
		42D0FF8A261765AE007A5C2A /* Project object */ = {
			isa = PBXProject;
			attributes = {
				LastSwiftUpdateCheck = 1240;
				LastUpgradeCheck = 1240;
				TargetAttributes = {
					42D0FF91261765AE007A5C2A = {
						CreatedOnToolsVersion = 12.4;
					};
				};
			};
			buildConfigurationList = 42D0FF8D261765AE007A5C2A /* Build configuration list for PBXProject "inTarget" */;
			compatibilityVersion = "Xcode 12.0";
			developmentRegion = en;
			hasScannedForEncodings = 0;
			knownRegions = (
				en,
				Base,
			);
			mainGroup = 42D0FF89261765AE007A5C2A;
			productRefGroup = 42D0FF93261765AE007A5C2A /* Products */;
			projectDirPath = "";
			projectRoot = "";
			targets = (
				42D0FF91261765AE007A5C2A /* inTarget */,
			);
		};
/* End PBXProject section */

/* Begin PBXResourcesBuildPhase section */
		42D0FF90261765AE007A5C2A /* Resources */ = {
			isa = PBXResourcesBuildPhase;
			buildActionMask = 2147483647;
			files = (
				42D0FFC326187625007A5C2A /* GothamPro-Black.ttf in Resources */,
				42D0FFC426187625007A5C2A /* GothamPro-BlackItalic.ttf in Resources */,
				42D0FFC526187625007A5C2A /* GothamPro-Bold.ttf in Resources */,
				42D0FFC626187625007A5C2A /* GothamPro-BoldItalic.ttf in Resources */,
				42D0FFC726187625007A5C2A /* GothamPro-Italic.ttf in Resources */,
				42D0FFC826187625007A5C2A /* GothamPro-Light.ttf in Resources */,
				42D0FFC926187625007A5C2A /* GothamPro-LightItalic.ttf in Resources */,
				42D0FFCA26187625007A5C2A /* GothamPro-Medium.ttf in Resources */,
				42D0FFCB26187625007A5C2A /* GothamPro-MediumItalic.ttf in Resources */,
				42D000322619DFF1007A5C2A /* GoogleService-Info.plist in Resources */,
				42D0FFCC26187625007A5C2A /* GothamPro.ttf in Resources */,
				42D0FFCD26187625007A5C2A /* GothamProNarrow-Bold.ttf in Resources */,
				42D0FFCE26187625007A5C2A /* GothamProNarrow-Medium.ttf in Resources */,
				42D0FFA2261765AF007A5C2A /* LaunchScreen.storyboard in Resources */,
				42D0FF9F261765AF007A5C2A /* Assets.xcassets in Resources */,
			);
			runOnlyForDeploymentPostprocessing = 0;
		};
/* End PBXResourcesBuildPhase section */

/* Begin PBXShellScriptBuildPhase section */
		A1B15B7FB7C173C1A0221FB3 /* [CP] Check Pods Manifest.lock */ = {
			isa = PBXShellScriptBuildPhase;
			buildActionMask = 2147483647;
			files = (
			);
			inputFileListPaths = (
			);
			inputPaths = (
				"${PODS_PODFILE_DIR_PATH}/Podfile.lock",
				"${PODS_ROOT}/Manifest.lock",
			);
			name = "[CP] Check Pods Manifest.lock";
			outputFileListPaths = (
			);
			outputPaths = (
				"$(DERIVED_FILE_DIR)/Pods-inTarget-checkManifestLockResult.txt",
			);
			runOnlyForDeploymentPostprocessing = 0;
			shellPath = /bin/sh;
			shellScript = "diff \"${PODS_PODFILE_DIR_PATH}/Podfile.lock\" \"${PODS_ROOT}/Manifest.lock\" > /dev/null\nif [ $? != 0 ] ; then\n    # print error to STDERR\n    echo \"error: The sandbox is not in sync with the Podfile.lock. Run 'pod install' or update your CocoaPods installation.\" >&2\n    exit 1\nfi\n# This output is used by Xcode 'outputs' to avoid re-running this script phase.\necho \"SUCCESS\" > \"${SCRIPT_OUTPUT_FILE_0}\"\n";
			showEnvVarsInLog = 0;
		};
		DBFFDBEF9C72E1C43C45C27E /* [CP] Embed Pods Frameworks */ = {
			isa = PBXShellScriptBuildPhase;
			buildActionMask = 2147483647;
			files = (
			);
			inputFileListPaths = (
				"${PODS_ROOT}/Target Support Files/Pods-inTarget/Pods-inTarget-frameworks-${CONFIGURATION}-input-files.xcfilelist",
			);
			name = "[CP] Embed Pods Frameworks";
			outputFileListPaths = (
				"${PODS_ROOT}/Target Support Files/Pods-inTarget/Pods-inTarget-frameworks-${CONFIGURATION}-output-files.xcfilelist",
			);
			runOnlyForDeploymentPostprocessing = 0;
			shellPath = /bin/sh;
			shellScript = "\"${PODS_ROOT}/Target Support Files/Pods-inTarget/Pods-inTarget-frameworks.sh\"\n";
			showEnvVarsInLog = 0;
		};
/* End PBXShellScriptBuildPhase section */

/* Begin PBXSourcesBuildPhase section */
		42D0FF8E261765AE007A5C2A /* Sources */ = {
			isa = PBXSourcesBuildPhase;
			buildActionMask = 2147483647;
			files = (
				4227B67A26246CEC00F9097F /* User.swift in Sources */,
				046E220E261CB6B10070D5D1 /* TargetsController.swift in Sources */,
				420822C12633504A006870C4 /* UIImage+Extensions.swift in Sources */,
				42CE550B2651A35500E4DC12 /* ProfileContainer.swift in Sources */,
				427E42E6262B8BD800EC1F37 /* InjectionHelper.swift in Sources */,
				0481A74E262838680027AD5D /* TaskCell.swift in Sources */,
				420822B726309F12006870C4 /* NewUnderTaskCell.swift in Sources */,
				421A6445265306310049DE2D /* ImagePickerController.swift in Sources */,
				04D39ABA261C5F3C0092486F /* NewTargetController.swift in Sources */,
				42D6B08B2638817E00A005EA /* GroupCell.swift in Sources */,
				42D0FF9A261765AE007A5C2A /* AuthViewController.swift in Sources */,
				420822B426309E49006870C4 /* UnderTaskCell.swift in Sources */,
				4227B68326247DB300F9097F /* UnderTask.swift in Sources */,
				42CE550A2651A35500E4DC12 /* ProfileInteractor.swift in Sources */,
				42CE55062651A35500E4DC12 /* ProfilePresenter.swift in Sources */,
				04D39ABD261C5F6E0092486F /* MyTargetsController.swift in Sources */,
				4202FF142627577D00613A38 /* ImageLoader.swift in Sources */,
				42CE55122652E2DA00E4DC12 /* LoadingButtonImage.swift in Sources */,
				42CE55102652E07600E4DC12 /* LoadingImageView.swift in Sources */,
				42D0FF96261765AE007A5C2A /* AppDelegate.swift in Sources */,
				4227B6D32624D2D900F9097F /* Task.swift in Sources */,
				420822AC262DEB04006870C4 /* MyTargetController.swift in Sources */,
				420822B0262FB059006870C4 /* String+Extensions.swift in Sources */,
				42D0FF98261765AE007A5C2A /* SceneDelegate.swift in Sources */,
				420E50162644406000395737 /* NewMemberCell.swift in Sources */,
				42D6B08D2638818E00A005EA /* NewGroupCell.swift in Sources */,
				427E42E7262B8BD800EC1F37 /* UIViewController+Extensions.swift in Sources */,
				04D39AC0261C5F7F0092486F /* GroupsController.swift in Sources */,
				04D39AB7261C5D4D0092486F /* MainTabBarController.swift in Sources */,
				42CE55072651A35500E4DC12 /* ProfileRouter.swift in Sources */,
				420E501426443DF000395737 /* MemberCell.swift in Sources */,
				42D6B0932638903800A005EA /* Group.swift in Sources */,
				4227B661261E050600F9097F /* SignUpModel.swift in Sources */,
				42CE1F06261A35D900BE996C /* SignUpController.swift in Sources */,
				4227B68026247A2300F9097F /* DatabaseModel.swift in Sources */,
				0481A751262838E00027AD5D /* NewTaskCell.swift in Sources */,
				42CE55092651A35500E4DC12 /* ProfileProtocols.swift in Sources */,
				42D6B09126388E4400A005EA /* GroupDatabaseModel.swift in Sources */,
				42CE55082651A35500E4DC12 /* ProfileViewController.swift in Sources */,
				42D6B09726399C0200A005EA /* GroupController.swift in Sources */,
				42E63A8F261D22B500185433 /* AuthModel.swift in Sources */,
			);
			runOnlyForDeploymentPostprocessing = 0;
		};
/* End PBXSourcesBuildPhase section */

/* Begin PBXVariantGroup section */
		42D0FFA0261765AF007A5C2A /* LaunchScreen.storyboard */ = {
			isa = PBXVariantGroup;
			children = (
				42D0FFA1261765AF007A5C2A /* Base */,
			);
			name = LaunchScreen.storyboard;
			sourceTree = "<group>";
		};
/* End PBXVariantGroup section */

/* Begin XCBuildConfiguration section */
		42D0FFA4261765AF007A5C2A /* Debug */ = {
			isa = XCBuildConfiguration;
			buildSettings = {
				ALWAYS_SEARCH_USER_PATHS = NO;
				CLANG_ANALYZER_NONNULL = YES;
				CLANG_ANALYZER_NUMBER_OBJECT_CONVERSION = YES_AGGRESSIVE;
				CLANG_CXX_LANGUAGE_STANDARD = "gnu++14";
				CLANG_CXX_LIBRARY = "libc++";
				CLANG_ENABLE_MODULES = YES;
				CLANG_ENABLE_OBJC_ARC = YES;
				CLANG_ENABLE_OBJC_WEAK = YES;
				CLANG_WARN_BLOCK_CAPTURE_AUTORELEASING = YES;
				CLANG_WARN_BOOL_CONVERSION = YES;
				CLANG_WARN_COMMA = YES;
				CLANG_WARN_CONSTANT_CONVERSION = YES;
				CLANG_WARN_DEPRECATED_OBJC_IMPLEMENTATIONS = YES;
				CLANG_WARN_DIRECT_OBJC_ISA_USAGE = YES_ERROR;
				CLANG_WARN_DOCUMENTATION_COMMENTS = YES;
				CLANG_WARN_EMPTY_BODY = YES;
				CLANG_WARN_ENUM_CONVERSION = YES;
				CLANG_WARN_INFINITE_RECURSION = YES;
				CLANG_WARN_INT_CONVERSION = YES;
				CLANG_WARN_NON_LITERAL_NULL_CONVERSION = YES;
				CLANG_WARN_OBJC_IMPLICIT_RETAIN_SELF = YES;
				CLANG_WARN_OBJC_LITERAL_CONVERSION = YES;
				CLANG_WARN_OBJC_ROOT_CLASS = YES_ERROR;
				CLANG_WARN_QUOTED_INCLUDE_IN_FRAMEWORK_HEADER = YES;
				CLANG_WARN_RANGE_LOOP_ANALYSIS = YES;
				CLANG_WARN_STRICT_PROTOTYPES = YES;
				CLANG_WARN_SUSPICIOUS_MOVE = YES;
				CLANG_WARN_UNGUARDED_AVAILABILITY = YES_AGGRESSIVE;
				CLANG_WARN_UNREACHABLE_CODE = YES;
				CLANG_WARN__DUPLICATE_METHOD_MATCH = YES;
				COPY_PHASE_STRIP = NO;
				DEBUG_INFORMATION_FORMAT = dwarf;
				ENABLE_STRICT_OBJC_MSGSEND = YES;
				ENABLE_TESTABILITY = YES;
				GCC_C_LANGUAGE_STANDARD = gnu11;
				GCC_DYNAMIC_NO_PIC = NO;
				GCC_NO_COMMON_BLOCKS = YES;
				GCC_OPTIMIZATION_LEVEL = 0;
				GCC_PREPROCESSOR_DEFINITIONS = (
					"DEBUG=1",
					"$(inherited)",
				);
				GCC_WARN_64_TO_32_BIT_CONVERSION = YES;
				GCC_WARN_ABOUT_RETURN_TYPE = YES_ERROR;
				GCC_WARN_UNDECLARED_SELECTOR = YES;
				GCC_WARN_UNINITIALIZED_AUTOS = YES_AGGRESSIVE;
				GCC_WARN_UNUSED_FUNCTION = YES;
				GCC_WARN_UNUSED_VARIABLE = YES;
				IPHONEOS_DEPLOYMENT_TARGET = 13.0;
				MTL_ENABLE_DEBUG_INFO = INCLUDE_SOURCE;
				MTL_FAST_MATH = YES;
				ONLY_ACTIVE_ARCH = YES;
				SDKROOT = iphoneos;
				SWIFT_ACTIVE_COMPILATION_CONDITIONS = DEBUG;
				SWIFT_OPTIMIZATION_LEVEL = "-Onone";
			};
			name = Debug;
		};
		42D0FFA5261765AF007A5C2A /* Release */ = {
			isa = XCBuildConfiguration;
			buildSettings = {
				ALWAYS_SEARCH_USER_PATHS = NO;
				CLANG_ANALYZER_NONNULL = YES;
				CLANG_ANALYZER_NUMBER_OBJECT_CONVERSION = YES_AGGRESSIVE;
				CLANG_CXX_LANGUAGE_STANDARD = "gnu++14";
				CLANG_CXX_LIBRARY = "libc++";
				CLANG_ENABLE_MODULES = YES;
				CLANG_ENABLE_OBJC_ARC = YES;
				CLANG_ENABLE_OBJC_WEAK = YES;
				CLANG_WARN_BLOCK_CAPTURE_AUTORELEASING = YES;
				CLANG_WARN_BOOL_CONVERSION = YES;
				CLANG_WARN_COMMA = YES;
				CLANG_WARN_CONSTANT_CONVERSION = YES;
				CLANG_WARN_DEPRECATED_OBJC_IMPLEMENTATIONS = YES;
				CLANG_WARN_DIRECT_OBJC_ISA_USAGE = YES_ERROR;
				CLANG_WARN_DOCUMENTATION_COMMENTS = YES;
				CLANG_WARN_EMPTY_BODY = YES;
				CLANG_WARN_ENUM_CONVERSION = YES;
				CLANG_WARN_INFINITE_RECURSION = YES;
				CLANG_WARN_INT_CONVERSION = YES;
				CLANG_WARN_NON_LITERAL_NULL_CONVERSION = YES;
				CLANG_WARN_OBJC_IMPLICIT_RETAIN_SELF = YES;
				CLANG_WARN_OBJC_LITERAL_CONVERSION = YES;
				CLANG_WARN_OBJC_ROOT_CLASS = YES_ERROR;
				CLANG_WARN_QUOTED_INCLUDE_IN_FRAMEWORK_HEADER = YES;
				CLANG_WARN_RANGE_LOOP_ANALYSIS = YES;
				CLANG_WARN_STRICT_PROTOTYPES = YES;
				CLANG_WARN_SUSPICIOUS_MOVE = YES;
				CLANG_WARN_UNGUARDED_AVAILABILITY = YES_AGGRESSIVE;
				CLANG_WARN_UNREACHABLE_CODE = YES;
				CLANG_WARN__DUPLICATE_METHOD_MATCH = YES;
				COPY_PHASE_STRIP = NO;
				DEBUG_INFORMATION_FORMAT = "dwarf-with-dsym";
				ENABLE_NS_ASSERTIONS = NO;
				ENABLE_STRICT_OBJC_MSGSEND = YES;
				GCC_C_LANGUAGE_STANDARD = gnu11;
				GCC_NO_COMMON_BLOCKS = YES;
				GCC_WARN_64_TO_32_BIT_CONVERSION = YES;
				GCC_WARN_ABOUT_RETURN_TYPE = YES_ERROR;
				GCC_WARN_UNDECLARED_SELECTOR = YES;
				GCC_WARN_UNINITIALIZED_AUTOS = YES_AGGRESSIVE;
				GCC_WARN_UNUSED_FUNCTION = YES;
				GCC_WARN_UNUSED_VARIABLE = YES;
				IPHONEOS_DEPLOYMENT_TARGET = 13.0;
				MTL_ENABLE_DEBUG_INFO = NO;
				MTL_FAST_MATH = YES;
				SDKROOT = iphoneos;
				SWIFT_COMPILATION_MODE = wholemodule;
				SWIFT_OPTIMIZATION_LEVEL = "-O";
				VALIDATE_PRODUCT = YES;
			};
			name = Release;
		};
		42D0FFA7261765AF007A5C2A /* Debug */ = {
			isa = XCBuildConfiguration;
			baseConfigurationReference = 53B6FBA80B33ABDC8A253F41 /* Pods-inTarget.debug.xcconfig */;
			buildSettings = {
				ASSETCATALOG_COMPILER_APPICON_NAME = AppIcon;
				ASSETCATALOG_COMPILER_GLOBAL_ACCENT_COLOR_NAME = AccentColor;
				CODE_SIGN_IDENTITY = "iPhone Developer";
				CODE_SIGN_STYLE = Automatic;
				DEVELOPMENT_TEAM = C2357J7XQW;
				INFOPLIST_FILE = "inTarget/Supporting files/Info.plist";
				LD_RUNPATH_SEARCH_PATHS = (
					"$(inherited)",
					"@executable_path/Frameworks",
				);
				PRODUCT_BUNDLE_IDENTIFIER = test.inTarget1;
				PRODUCT_NAME = "$(TARGET_NAME)";
				PROVISIONING_PROFILE_SPECIFIER = "";
				SWIFT_VERSION = 5.0;
				TARGETED_DEVICE_FAMILY = "1,2";
			};
			name = Debug;
		};
		42D0FFA8261765AF007A5C2A /* Release */ = {
			isa = XCBuildConfiguration;
			baseConfigurationReference = F2BE8270891E8AF03666B1EE /* Pods-inTarget.release.xcconfig */;
			buildSettings = {
				ASSETCATALOG_COMPILER_APPICON_NAME = AppIcon;
				ASSETCATALOG_COMPILER_GLOBAL_ACCENT_COLOR_NAME = AccentColor;
				CODE_SIGN_IDENTITY = "iPhone Developer";
				CODE_SIGN_STYLE = Automatic;
				DEVELOPMENT_TEAM = C2357J7XQW;
				INFOPLIST_FILE = "inTarget/Supporting files/Info.plist";
				LD_RUNPATH_SEARCH_PATHS = (
					"$(inherited)",
					"@executable_path/Frameworks",
				);
				ONLY_ACTIVE_ARCH = YES;
				PRODUCT_BUNDLE_IDENTIFIER = test.inTarget1;
				PRODUCT_NAME = "$(TARGET_NAME)";
				PROVISIONING_PROFILE_SPECIFIER = "";
				SWIFT_VERSION = 5.0;
				TARGETED_DEVICE_FAMILY = "1,2";
			};
			name = Release;
		};
/* End XCBuildConfiguration section */

/* Begin XCConfigurationList section */
		42D0FF8D261765AE007A5C2A /* Build configuration list for PBXProject "inTarget" */ = {
			isa = XCConfigurationList;
			buildConfigurations = (
				42D0FFA4261765AF007A5C2A /* Debug */,
				42D0FFA5261765AF007A5C2A /* Release */,
			);
			defaultConfigurationIsVisible = 0;
			defaultConfigurationName = Release;
		};
		42D0FFA6261765AF007A5C2A /* Build configuration list for PBXNativeTarget "inTarget" */ = {
			isa = XCConfigurationList;
			buildConfigurations = (
				42D0FFA7261765AF007A5C2A /* Debug */,
				42D0FFA8261765AF007A5C2A /* Release */,
			);
			defaultConfigurationIsVisible = 0;
			defaultConfigurationName = Release;
		};
/* End XCConfigurationList section */
	};
	rootObject = 42D0FF8A261765AE007A5C2A /* Project object */;
}
